
Microsoft Visual Studio Solution File, Format Version 12.00
# Visual Studio Version 17
VisualStudioVersion = 17.9.34622.214
MinimumVisualStudioVersion = 10.0.40219.1
Project("{FAE04EC0-301F-11D3-BF4B-00C04F79EFBC}") = "dictionary", "dictionary\dictionary.csproj", "{4254A7D2-1495-4FAB-8E67-47727C0373B3}"
EndProject
Global
	GlobalSection(SolutionConfigurationPlatforms) = preSolution
		Debug|Any CPU = Debug|Any CPU
		Release|Any CPU = Release|Any CPU
	EndGlobalSection
	GlobalSection(ProjectConfigurationPlatforms) = postSolution
		{4254A7D2-1495-4FAB-8E67-47727C0373B3}.Debug|Any CPU.ActiveCfg = Debug|Any CPU
		{4254A7D2-1495-4FAB-8E67-47727C0373B3}.Debug|Any CPU.Build.0 = Debug|Any CPU
		{4254A7D2-1495-4FAB-8E67-47727C0373B3}.Release|Any CPU.ActiveCfg = Release|Any CPU
		{4254A7D2-1495-4FAB-8E67-47727C0373B3}.Release|Any CPU.Build.0 = Release|Any CPU
	EndGlobalSection
	GlobalSection(SolutionProperties) = preSolution
		HideSolutionNode = FALSE
	EndGlobalSection
	GlobalSection(ExtensibilityGlobals) = postSolution
		SolutionGuid = {06BC97FE-E3CD-4F8A-A172-3B5F115BC89E}
	EndGlobalSection
EndGlobal
